
Microsoft Visual Studio Solution File, Format Version 12.00
# Visual Studio 14
VisualStudioVersion = 14.0.25420.1
MinimumVisualStudioVersion = 10.0.40219.1
Project("{8BB2217D-0F2D-49D1-97BC-3654ED321F3B}") = "NoodlePlanner", "NoodlePlanner\NoodlePlanner.xproj", "{5C99B464-EEA9-4F93-93DD-BB253927ECDF}"
EndProject
Project("{9092AA53-FB77-4645-B42D-1CCCA6BD08BD}") = "NoodlePlanner.E2E.Runner", "NoodlePlanner.E2E.Runner\NoodlePlanner.E2E.Runner.njsproj", "{4A32A986-0B3F-43CB-8285-C0C281745098}"
EndProject
Project("{FAE04EC0-301F-11D3-BF4B-00C04F79EFBC}") = "NoodlePlanner.DBContext", "NoodlePlanner.DBContext\NoodlePlanner.DBContext.csproj", "{04CB85DA-4B7E-4B6C-BF47-151EDE4A8681}"
EndProject
Project("{2150E333-8FDC-42A3-9474-1A3956D46DE8}") = "Data", "Data", "{216719E6-EA10-45F5-B178-098F6F3C9928}"
EndProject
Project("{00D1A9C2-B5F0-4AF3-8072-F6C62B433612}") = "NoodlePlanner.SQL", "NoodlePlanner.SQL\NoodlePlanner.SQL.sqlproj", "{DC7D3F60-9FB3-419E-9F0B-2BC332651846}"
EndProject
Project("{2150E333-8FDC-42A3-9474-1A3956D46DE8}") = "Web", "Web", "{9F5A78B7-B75C-4E0F-B121-16F03F5772A3}"
EndProject
Project("{2150E333-8FDC-42A3-9474-1A3956D46DE8}") = "Tests", "Tests", "{F1CB2F52-F111-4FF9-922C-D72741D7B339}"
EndProject
Project("{2150E333-8FDC-42A3-9474-1A3956D46DE8}") = "Service", "Service", "{F55CB027-21EF-433A-BAB1-7A8CBD6D22EB}"
EndProject
Project("{FAE04EC0-301F-11D3-BF4B-00C04F79EFBC}") = "NoodlePlanner.Repositories", "NoodlePlanner.Repositories\NoodlePlanner.Repositories.csproj", "{6DD93553-0F98-4343-B235-786095147FC3}"
EndProject
Project("{2150E333-8FDC-42A3-9474-1A3956D46DE8}") = "Common", "Common", "{A93D610A-8B5A-4772-BD51-FE712F152214}"
EndProject
Project("{FAE04EC0-301F-11D3-BF4B-00C04F79EFBC}") = "NoodlePlanner.Common", "NoodlePlanner.Common\NoodlePlanner.Common.csproj", "{833A737F-667D-42E2-A8B4-A54CEDC7EECE}"
EndProject
Global
	GlobalSection(SolutionConfigurationPlatforms) = preSolution
		Debug|Any CPU = Debug|Any CPU
		Release|Any CPU = Release|Any CPU
	EndGlobalSection
	GlobalSection(ProjectConfigurationPlatforms) = postSolution
		{5C99B464-EEA9-4F93-93DD-BB253927ECDF}.Debug|Any CPU.ActiveCfg = Debug|Any CPU
		{5C99B464-EEA9-4F93-93DD-BB253927ECDF}.Debug|Any CPU.Build.0 = Debug|Any CPU
		{5C99B464-EEA9-4F93-93DD-BB253927ECDF}.Release|Any CPU.ActiveCfg = Release|Any CPU
		{5C99B464-EEA9-4F93-93DD-BB253927ECDF}.Release|Any CPU.Build.0 = Release|Any CPU
		{4A32A986-0B3F-43CB-8285-C0C281745098}.Debug|Any CPU.ActiveCfg = Debug|Any CPU
		{4A32A986-0B3F-43CB-8285-C0C281745098}.Debug|Any CPU.Build.0 = Debug|Any CPU
		{4A32A986-0B3F-43CB-8285-C0C281745098}.Release|Any CPU.ActiveCfg = Release|Any CPU
		{4A32A986-0B3F-43CB-8285-C0C281745098}.Release|Any CPU.Build.0 = Release|Any CPU
		{04CB85DA-4B7E-4B6C-BF47-151EDE4A8681}.Debug|Any CPU.ActiveCfg = Debug|Any CPU
		{04CB85DA-4B7E-4B6C-BF47-151EDE4A8681}.Debug|Any CPU.Build.0 = Debug|Any CPU
		{04CB85DA-4B7E-4B6C-BF47-151EDE4A8681}.Release|Any CPU.ActiveCfg = Release|Any CPU
		{04CB85DA-4B7E-4B6C-BF47-151EDE4A8681}.Release|Any CPU.Build.0 = Release|Any CPU
		{DC7D3F60-9FB3-419E-9F0B-2BC332651846}.Debug|Any CPU.ActiveCfg = Debug|Any CPU
		{DC7D3F60-9FB3-419E-9F0B-2BC332651846}.Debug|Any CPU.Build.0 = Debug|Any CPU
		{DC7D3F60-9FB3-419E-9F0B-2BC332651846}.Debug|Any CPU.Deploy.0 = Debug|Any CPU
		{DC7D3F60-9FB3-419E-9F0B-2BC332651846}.Release|Any CPU.ActiveCfg = Release|Any CPU
		{DC7D3F60-9FB3-419E-9F0B-2BC332651846}.Release|Any CPU.Build.0 = Release|Any CPU
		{DC7D3F60-9FB3-419E-9F0B-2BC332651846}.Release|Any CPU.Deploy.0 = Release|Any CPU
		{6DD93553-0F98-4343-B235-786095147FC3}.Debug|Any CPU.ActiveCfg = Debug|Any CPU
		{6DD93553-0F98-4343-B235-786095147FC3}.Debug|Any CPU.Build.0 = Debug|Any CPU
		{6DD93553-0F98-4343-B235-786095147FC3}.Release|Any CPU.ActiveCfg = Release|Any CPU
		{6DD93553-0F98-4343-B235-786095147FC3}.Release|Any CPU.Build.0 = Release|Any CPU
		{833A737F-667D-42E2-A8B4-A54CEDC7EECE}.Debug|Any CPU.ActiveCfg = Debug|Any CPU
		{833A737F-667D-42E2-A8B4-A54CEDC7EECE}.Debug|Any CPU.Build.0 = Debug|Any CPU
		{833A737F-667D-42E2-A8B4-A54CEDC7EECE}.Release|Any CPU.ActiveCfg = Release|Any CPU
		{833A737F-667D-42E2-A8B4-A54CEDC7EECE}.Release|Any CPU.Build.0 = Release|Any CPU
	EndGlobalSection
	GlobalSection(SolutionProperties) = preSolution
		HideSolutionNode = FALSE
	EndGlobalSection
	GlobalSection(NestedProjects) = preSolution
		{5C99B464-EEA9-4F93-93DD-BB253927ECDF} = {9F5A78B7-B75C-4E0F-B121-16F03F5772A3}
		{4A32A986-0B3F-43CB-8285-C0C281745098} = {F1CB2F52-F111-4FF9-922C-D72741D7B339}
		{04CB85DA-4B7E-4B6C-BF47-151EDE4A8681} = {216719E6-EA10-45F5-B178-098F6F3C9928}
		{DC7D3F60-9FB3-419E-9F0B-2BC332651846} = {216719E6-EA10-45F5-B178-098F6F3C9928}
		{6DD93553-0F98-4343-B235-786095147FC3} = {F55CB027-21EF-433A-BAB1-7A8CBD6D22EB}
		{833A737F-667D-42E2-A8B4-A54CEDC7EECE} = {A93D610A-8B5A-4772-BD51-FE712F152214}
	EndGlobalSection
EndGlobal
